
Microsoft Visual Studio Solution File, Format Version 12.00
# Visual Studio 15
VisualStudioVersion = 15.0.28307.329
MinimumVisualStudioVersion = 10.0.40219.1
Project("{FAE04EC0-301F-11D3-BF4B-00C04F79EFBC}") = "Lab_121_ASP_CodeFirstEntityTutorial", "Lab_121_ASP_CodeFirstEntityTutorial.csproj", "{B6A9C108-BCFA-481D-8D0F-C13CFACA06E9}"
EndProject
Global
	GlobalSection(SolutionConfigurationPlatforms) = preSolution
		Debug|Any CPU = Debug|Any CPU
		Release|Any CPU = Release|Any CPU
	EndGlobalSection
	GlobalSection(ProjectConfigurationPlatforms) = postSolution
		{B6A9C108-BCFA-481D-8D0F-C13CFACA06E9}.Debug|Any CPU.ActiveCfg = Debug|Any CPU
		{B6A9C108-BCFA-481D-8D0F-C13CFACA06E9}.Debug|Any CPU.Build.0 = Debug|Any CPU
		{B6A9C108-BCFA-481D-8D0F-C13CFACA06E9}.Release|Any CPU.ActiveCfg = Release|Any CPU
		{B6A9C108-BCFA-481D-8D0F-C13CFACA06E9}.Release|Any CPU.Build.0 = Release|Any CPU
	EndGlobalSection
	GlobalSection(SolutionProperties) = preSolution
		HideSolutionNode = FALSE
	EndGlobalSection
	GlobalSection(ExtensibilityGlobals) = postSolution
		SolutionGuid = {C1A7E843-9648-440D-9FF2-0E7C502A1664}
	EndGlobalSection
EndGlobal
